
Microsoft Visual Studio Solution File, Format Version 12.00
# Visual Studio Version 16
VisualStudioVersion = 16.0.30907.101
MinimumVisualStudioVersion = 10.0.40219.1
Project("{FAE04EC0-301F-11D3-BF4B-00C04F79EFBC}") = "Capstone_TechHW2", "Capstone_TechHW2\Capstone_TechHW2.csproj", "{F3BF65AF-F6C1-47B8-8CFC-7EC02683C64D}"
EndProject
Global
	GlobalSection(SolutionConfigurationPlatforms) = preSolution
		Debug|Any CPU = Debug|Any CPU
		Release|Any CPU = Release|Any CPU
	EndGlobalSection
	GlobalSection(ProjectConfigurationPlatforms) = postSolution
		{F3BF65AF-F6C1-47B8-8CFC-7EC02683C64D}.Debug|Any CPU.ActiveCfg = Debug|Any CPU
		{F3BF65AF-F6C1-47B8-8CFC-7EC02683C64D}.Debug|Any CPU.Build.0 = Debug|Any CPU
		{F3BF65AF-F6C1-47B8-8CFC-7EC02683C64D}.Release|Any CPU.ActiveCfg = Release|Any CPU
		{F3BF65AF-F6C1-47B8-8CFC-7EC02683C64D}.Release|Any CPU.Build.0 = Release|Any CPU
	EndGlobalSection
	GlobalSection(SolutionProperties) = preSolution
		HideSolutionNode = FALSE
	EndGlobalSection
	GlobalSection(ExtensibilityGlobals) = postSolution
		SolutionGuid = {80FDA3E0-EB58-48F1-B98C-41A34F44D909}
	EndGlobalSection
EndGlobal
